Microsoft Visual Studio Solution File, Format Version 12.00
# Visual Studio Version 17
VisualStudioVersion = 17.5.2.0
MinimumVisualStudioVersion = 10.0.40219.1
Project("{FAE04EC0-301F-11D3-BF4B-00C04F79EFBC}") = "lab.ebs.Infra", "..\lab.ebs.Infra\lab.ebs.Infra.csproj", "{AAB2EA1D-C3DE-4C41-9C3B-187134DE9B2A}"
EndProject
Project("{FAE04EC0-301F-11D3-BF4B-00C04F79EFBC}") = "lab.ebs.Dominio", "..\lab.ebs.Dominio\lab.ebs.Dominio.csproj", "{B12C6083-1A0F-4604-89B1-87AE07AA69C5}"
EndProject
Project("{FAE04EC0-301F-11D3-BF4B-00C04F79EFBC}") = "lab.ebs.Aplicacao", "..\lab.ebs.Aplicacao\lab.ebs.Aplicacao.csproj", "{0914472C-0298-4F4F-889B-D6399DC0496C}"
EndProject
Project("{2150E333-8FDC-42A3-9474-1A3956D46DE8}") = "01 - Api", "01 - Api", "{02EA681E-C7D8-13C7-8484-4AC65E1B71E8}"
EndProject
Project("{2150E333-8FDC-42A3-9474-1A3956D46DE8}") = "02 - Core", "02 - Core", "{C046E428-5EBF-4F94-A912-D8DC04FBE21F}"
EndProject
Project("{2150E333-8FDC-42A3-9474-1A3956D46DE8}") = "03 - Infraestrutura", "03 - Infraestrutura", "{B92822EC-6082-43DE-B4A0-A3C398064439}"
EndProject
Project("{FAE04EC0-301F-11D3-BF4B-00C04F79EFBC}") = "lab.ebs.api.V2", "..\lab.ebs.api.V2\lab.ebs.api.V2.csproj", "{D92B9CE4-404A-403B-BACF-BB28F42C3E82}"
EndProject
Project("{2150E333-8FDC-42A3-9474-1A3956D46DE8}") = "00 -Servicos", "00 -Servicos", "{A57CA218-AC17-4EAF-84FB-9E2A5C8D51D3}"
EndProject
Project("{2150E333-8FDC-42A3-9474-1A3956D46DE8}") = "01 - Dominios", "01 - Dominios", "{1B5AD856-2A10-4467-94F8-2D1312B19EE3}"
EndProject
Project("{FAE04EC0-301F-11D3-BF4B-00C04F79EFBC}") = "lab.ebs.Shared", "..\lab.ebs.Shared\lab.ebs.Shared.csproj", "{04857252-D75C-4912-95D6-356AF26E22E0}"
EndProject
Project("{2150E333-8FDC-42A3-9474-1A3956D46DE8}") = "02 - Shared", "02 - Shared", "{12DF3341-0F4D-4BDB-8830-48D4D1719C27}"
EndProject
Project("{2150E333-8FDC-42A3-9474-1A3956D46DE8}") = "04 - Teste", "04 - Teste", "{27A87C1C-0ECE-4412-8AF2-86D527FE677C}"
EndProject
Project("{2150E333-8FDC-42A3-9474-1A3956D46DE8}") = "000 - UI", "000 - UI", "{E3DAF54A-83BB-4199-BC8A-38196AAAF009}"
EndProject
Project("{FAE04EC0-301F-11D3-BF4B-00C04F79EFBC}") = "BlazorAppWasm", "BlazorAppWasm\BlazorAppWasm.csproj", "{BAF3D156-03A1-46E9-A6A9-6299F5FCC5DF}"
EndProject
Project("{2150E333-8FDC-42A3-9474-1A3956D46DE8}") = "01 - Dados", "01 - Dados", "{C7E867E7-40FB-4629-A9D7-F7F1D59C84A1}"
EndProject
Project("{2150E333-8FDC-42A3-9474-1A3956D46DE8}") = "001 - ui", "001 - ui", "{257F185C-835E-4D2D-AAAC-0DE226C0583F}"
EndProject
Global
	GlobalSection(SolutionConfigurationPlatforms) = preSolution
		Debug|Any CPU = Debug|Any CPU
		Release|Any CPU = Release|Any CPU
	EndGlobalSection
	GlobalSection(ProjectConfigurationPlatforms) = postSolution
		{AAB2EA1D-C3DE-4C41-9C3B-187134DE9B2A}.Debug|Any CPU.ActiveCfg = Debug|Any CPU
		{AAB2EA1D-C3DE-4C41-9C3B-187134DE9B2A}.Debug|Any CPU.Build.0 = Debug|Any CPU
		{AAB2EA1D-C3DE-4C41-9C3B-187134DE9B2A}.Release|Any CPU.ActiveCfg = Release|Any CPU
		{AAB2EA1D-C3DE-4C41-9C3B-187134DE9B2A}.Release|Any CPU.Build.0 = Release|Any CPU
		{B12C6083-1A0F-4604-89B1-87AE07AA69C5}.Debug|Any CPU.ActiveCfg = Debug|Any CPU
		{B12C6083-1A0F-4604-89B1-87AE07AA69C5}.Debug|Any CPU.Build.0 = Debug|Any CPU
		{B12C6083-1A0F-4604-89B1-87AE07AA69C5}.Release|Any CPU.ActiveCfg = Release|Any CPU
		{B12C6083-1A0F-4604-89B1-87AE07AA69C5}.Release|Any CPU.Build.0 = Release|Any CPU
		{0914472C-0298-4F4F-889B-D6399DC0496C}.Debug|Any CPU.ActiveCfg = Debug|Any CPU
		{0914472C-0298-4F4F-889B-D6399DC0496C}.Debug|Any CPU.Build.0 = Debug|Any CPU
		{0914472C-0298-4F4F-889B-D6399DC0496C}.Release|Any CPU.ActiveCfg = Release|Any CPU
		{0914472C-0298-4F4F-889B-D6399DC0496C}.Release|Any CPU.Build.0 = Release|Any CPU
		{D92B9CE4-404A-403B-BACF-BB28F42C3E82}.Debug|Any CPU.ActiveCfg = Debug|Any CPU
		{D92B9CE4-404A-403B-BACF-BB28F42C3E82}.Debug|Any CPU.Build.0 = Debug|Any CPU
		{D92B9CE4-404A-403B-BACF-BB28F42C3E82}.Release|Any CPU.ActiveCfg = Release|Any CPU
		{D92B9CE4-404A-403B-BACF-BB28F42C3E82}.Release|Any CPU.Build.0 = Release|Any CPU
		{04857252-D75C-4912-95D6-356AF26E22E0}.Debug|Any CPU.ActiveCfg = Debug|Any CPU
		{04857252-D75C-4912-95D6-356AF26E22E0}.Debug|Any CPU.Build.0 = Debug|Any CPU
		{04857252-D75C-4912-95D6-356AF26E22E0}.Release|Any CPU.ActiveCfg = Release|Any CPU
		{04857252-D75C-4912-95D6-356AF26E22E0}.Release|Any CPU.Build.0 = Release|Any CPU
		{BAF3D156-03A1-46E9-A6A9-6299F5FCC5DF}.Debug|Any CPU.ActiveCfg = Debug|Any CPU
		{BAF3D156-03A1-46E9-A6A9-6299F5FCC5DF}.Debug|Any CPU.Build.0 = Debug|Any CPU
		{BAF3D156-03A1-46E9-A6A9-6299F5FCC5DF}.Release|Any CPU.ActiveCfg = Release|Any CPU
		{BAF3D156-03A1-46E9-A6A9-6299F5FCC5DF}.Release|Any CPU.Build.0 = Release|Any CPU
	EndGlobalSection
	GlobalSection(SolutionProperties) = preSolution
		HideSolutionNode = FALSE
	EndGlobalSection
	GlobalSection(NestedProjects) = preSolution
		{AAB2EA1D-C3DE-4C41-9C3B-187134DE9B2A} = {C7E867E7-40FB-4629-A9D7-F7F1D59C84A1}
		{B12C6083-1A0F-4604-89B1-87AE07AA69C5} = {1B5AD856-2A10-4467-94F8-2D1312B19EE3}
		{0914472C-0298-4F4F-889B-D6399DC0496C} = {A57CA218-AC17-4EAF-84FB-9E2A5C8D51D3}
		{D92B9CE4-404A-403B-BACF-BB28F42C3E82} = {02EA681E-C7D8-13C7-8484-4AC65E1B71E8}
		{A57CA218-AC17-4EAF-84FB-9E2A5C8D51D3} = {C046E428-5EBF-4F94-A912-D8DC04FBE21F}
		{1B5AD856-2A10-4467-94F8-2D1312B19EE3} = {C046E428-5EBF-4F94-A912-D8DC04FBE21F}
		{04857252-D75C-4912-95D6-356AF26E22E0} = {12DF3341-0F4D-4BDB-8830-48D4D1719C27}
		{12DF3341-0F4D-4BDB-8830-48D4D1719C27} = {B92822EC-6082-43DE-B4A0-A3C398064439}
		{BAF3D156-03A1-46E9-A6A9-6299F5FCC5DF} = {E3DAF54A-83BB-4199-BC8A-38196AAAF009}
		{C7E867E7-40FB-4629-A9D7-F7F1D59C84A1} = {B92822EC-6082-43DE-B4A0-A3C398064439}
	EndGlobalSection
	GlobalSection(ExtensibilityGlobals) = postSolution
		SolutionGuid = {C188BE52-154A-419D-8047-76DA4D1A962F}
	EndGlobalSection
EndGlobal
